<?xml version="1.0" encoding="UTF-8"?>
<Scheme LastUpgradeVersion="2700" version="1.8">
   <BuildAction parallelizeBuildables="YES" buildImplicitDependencies="YES">
      <BuildActionEntries>
         <BuildActionEntry buildForTesting="YES" buildForRunning="YES" buildForProfiling="YES" buildForArchiving="YES" buildForAnalyzing="YES">
            <BuildableReference BuildableIdentifier="primary" BlueprintIdentifier="000000000000000100000000" BuildableName="CSVReader.app" BlueprintName="CSVReader" ReferencedContainer="container:CSVReader.xcodeproj"/>
         </BuildActionEntry>
         <BuildActionEntry buildForTesting="YES" buildForRunning="NO" buildForProfiling="NO" buildForArchiving="NO" buildForAnalyzing="NO">
            <BuildableReference BuildableIdentifier="primary" BlueprintIdentifier="000000000000000100000001" BuildableName="CSVReaderTests.xctest" BlueprintName="CSVReaderTests" ReferencedContainer="container:CSVReader.xcodeproj"/>
         </BuildActionEntry>
      </BuildActionEntries>
   </BuildAction>
   <TestAction buildConfiguration="Debug" selectedDebuggerIdentifier="Xcode.DebuggerFoundation.Debugger.LLDB" selectedLauncherIdentifier="Xcode.IDEFoundation.Launcher.LLDB" shouldUseLaunchSchemeArgsEnv="NO">
      <Testables>
         <TestableReference skipped="NO" parallelizable="YES">
            <BuildableReference BuildableIdentifier="primary" BlueprintIdentifier="000000000000000100000001" BuildableName="CSVReaderTests.xctest" BlueprintName="CSVReaderTests" ReferencedContainer="container:CSVReader.xcodeproj"/>
         </TestableReference>
      </Testables>
      <EnvironmentVariables>
         <EnvironmentVariable key="TZ" value="America/Los_Angeles" isEnabled="YES"/>
      </EnvironmentVariables>
   </TestAction>
   <LaunchAction buildConfiguration="Debug" selectedDebuggerIdentifier="Xcode.DebuggerFoundation.Debugger.LLDB" selectedLauncherIdentifier="Xcode.IDEFoundation.Launcher.LLDB" launchStyle="0" useCustomWorkingDirectory="NO" ignoresPersistentStateOnLaunch="NO" debugDocumentVersioning="YES" debugServiceExtension="internal" allowLocationSimulation="YES">
      <BuildableProductRunnable runnableDebuggingMode="0">
         <BuildableReference BuildableIdentifier="primary" BlueprintIdentifier="000000000000000100000000" BuildableName="CSVReader.app" BlueprintName="CSVReader" ReferencedContainer="container:CSVReader.xcodeproj"/>
      </BuildableProductRunnable>
   </LaunchAction>
   <ProfileAction buildConfiguration="Release" shouldUseLaunchSchemeArgsEnv="YES" savedToolIdentifier="" useCustomWorkingDirectory="NO" debugServiceExtension="internal">
      <BuildableProductRunnable runnableDebuggingMode="0">
         <BuildableReference BuildableIdentifier="primary" BlueprintIdentifier="000000000000000100000000" BuildableName="CSVReader.app" BlueprintName="CSVReader" ReferencedContainer="container:CSVReader.xcodeproj"/>
      </BuildableProductRunnable>
   </ProfileAction>
   <AnalyzeAction buildConfiguration="Debug"/>
   <ArchiveAction buildConfiguration="Release" revealArchiveInOrganizer="YES"/>
</Scheme>
